// !$*UTF8*$!
{
	archiveVersion = 1;
	classes = {
	};
	objectVersion = 51;
	objects = {

/* Begin PBXBuildFile section */
		B3019964246C227B0040C4F5 /* Localizable.strings in Resources */ = {isa = PBXBuildFile; fileRef = B3019963246C227B0040C4F5 /* Localizable.strings */; };
		B30BAE002461B3FE00BF0AA6 /* SQLSnippet.swift in Sources */ = {isa = PBXBuildFile; fileRef = B30BADFF2461B3FE00BF0AA6 /* SQLSnippet.swift */; };
		B30BAE022461B69C00BF0AA6 /* SQLSmartTag.swift in Sources */ = {isa = PBXBuildFile; fileRef = B30BAE012461B69C00BF0AA6 /* SQLSmartTag.swift */; };
		B30BAE042461B6F000BF0AA6 /* SQLTag.swift in Sources */ = {isa = PBXBuildFile; fileRef = B30BAE032461B6F000BF0AA6 /* SQLTag.swift */; };
		B30BAE062461B74700BF0AA6 /* SQLTagsIndex.swift in Sources */ = {isa = PBXBuildFile; fileRef = B30BAE052461B74700BF0AA6 /* SQLTagsIndex.swift */; };
		B316727624DD8D120037BD04 /* UIResponderReactiveExtension.swift in Sources */ = {isa = PBXBuildFile; fileRef = B316727524DD8D120037BD04 /* UIResponderReactiveExtension.swift */; };
		B316727824DD9ABB0037BD04 /* UIPasteboardReactiveExtension.swift in Sources */ = {isa = PBXBuildFile; fileRef = B316727724DD9ABA0037BD04 /* UIPasteboardReactiveExtension.swift */; };
		B334D7E42463060600898BAD /* AnyObserverConvertible.swift in Sources */ = {isa = PBXBuildFile; fileRef = B334D7E32463060600898BAD /* AnyObserverConvertible.swift */; };
		B334D7EA24639EB600898BAD /* PastelSourceColorTheme.swift in Sources */ = {isa = PBXBuildFile; fileRef = B334D7E924639EB600898BAD /* PastelSourceColorTheme.swift */; };
		B334D7EF2463AACA00898BAD /* DashLexer.swift in Sources */ = {isa = PBXBuildFile; fileRef = B334D7EE2463AACA00898BAD /* DashLexer.swift */; };
		B334D7F12463D29000898BAD /* language_colors.json in Resources */ = {isa = PBXBuildFile; fileRef = B334D7F02463D29000898BAD /* language_colors.json */; };
		B334D7F32463E9CB00898BAD /* ColorHash.swift in Sources */ = {isa = PBXBuildFile; fileRef = B334D7F22463E9CB00898BAD /* ColorHash.swift */; };
		B334D7F52463F30200898BAD /* ColorExtension.swift in Sources */ = {isa = PBXBuildFile; fileRef = B334D7F42463F30200898BAD /* ColorExtension.swift */; };
		B334D7F72464071500898BAD /* ObservableTypeExtension.swift in Sources */ = {isa = PBXBuildFile; fileRef = B334D7F62464071500898BAD /* ObservableTypeExtension.swift */; };
		B334D7F92464136100898BAD /* CodeView.swift in Sources */ = {isa = PBXBuildFile; fileRef = B334D7F82464136100898BAD /* CodeView.swift */; };
		B334D7FC24641E6400898BAD /* SnippetDetailViewController.swift in Sources */ = {isa = PBXBuildFile; fileRef = B334D7FB24641E6400898BAD /* SnippetDetailViewController.swift */; };
		B334D7FE24641EAB00898BAD /* SnippetDetailViewModel.swift in Sources */ = {isa = PBXBuildFile; fileRef = B334D7FD24641EAB00898BAD /* SnippetDetailViewModel.swift */; };
		B334D8012464282900898BAD /* SnippetCollectionViewCell.swift in Sources */ = {isa = PBXBuildFile; fileRef = B334D7FF2464282900898BAD /* SnippetCollectionViewCell.swift */; };
		B334D8072465193100898BAD /* SyntaxTextViewReactiveExtension.swift in Sources */ = {isa = PBXBuildFile; fileRef = B334D8062465193100898BAD /* SyntaxTextViewReactiveExtension.swift */; };
		B334D80924651CF700898BAD /* TagListViewReactiveExtension.swift in Sources */ = {isa = PBXBuildFile; fileRef = B334D80824651CF700898BAD /* TagListViewReactiveExtension.swift */; };
		B334D80F24652E4700898BAD /* SQLSnippetReactiveExtension.swift in Sources */ = {isa = PBXBuildFile; fileRef = B334D80E24652E4700898BAD /* SQLSnippetReactiveExtension.swift */; };
		B334D81D2465378A00898BAD /* SnippetListViewController.storyboard in Resources */ = {isa = PBXBuildFile; fileRef = B334D81A2465378A00898BAD /* SnippetListViewController.storyboard */; };
		B334D81E246537A900898BAD /* SnippetDetailViewController.storyboard in Resources */ = {isa = PBXBuildFile; fileRef = B334D8182465378900898BAD /* SnippetDetailViewController.storyboard */; };
		B334D81F246537A900898BAD /* LaunchScreen.storyboard in Resources */ = {isa = PBXBuildFile; fileRef = B334D8192465378A00898BAD /* LaunchScreen.storyboard */; };
		B334D820246537E000898BAD /* SnippetCollectionViewCell.xib in Resources */ = {isa = PBXBuildFile; fileRef = B334D8002464282900898BAD /* SnippetCollectionViewCell.xib */; };
		B334D82224654CD200898BAD /* EdgeInsetLabel.swift in Sources */ = {isa = PBXBuildFile; fileRef = B334D82124654CD200898BAD /* EdgeInsetLabel.swift */; };
		B334D8242465510300898BAD /* UIViewExtension.swift in Sources */ = {isa = PBXBuildFile; fileRef = B334D8232465510300898BAD /* UIViewExtension.swift */; };
		B334D8272465558E00898BAD /* R.generated.swift in Sources */ = {isa = PBXBuildFile; fileRef = B334D8262465558E00898BAD /* R.generated.swift */; };
		B334D82B24656B5D00898BAD /* UICollectionViewFlowLayoutReactiveExtension.swift in Sources */ = {isa = PBXBuildFile; fileRef = B334D82A24656B5D00898BAD /* UICollectionViewFlowLayoutReactiveExtension.swift */; };
		B334D82F2465B17600898BAD /* UserDefaultsReactiveExtension.swift in Sources */ = {isa = PBXBuildFile; fileRef = B334D82E2465B17600898BAD /* UserDefaultsReactiveExtension.swift */; };
		B39235B52466E505009AEDB9 /* ObservableConvertible.swift in Sources */ = {isa = PBXBuildFile; fileRef = B39235B42466E505009AEDB9 /* ObservableConvertible.swift */; };
		B39235BA2467D81E009AEDB9 /* UIViewControllerReactiveExtension.swift in Sources */ = {isa = PBXBuildFile; fileRef = B39235B92467D81E009AEDB9 /* UIViewControllerReactiveExtension.swift */; };
		B3E77A34245AE65B001F08A4 /* AppDelegate.swift in Sources */ = {isa = PBXBuildFile; fileRef = B3E77A33245AE65B001F08A4 /* AppDelegate.swift */; };
		B3E77A38245AE65B001F08A4 /* SnippetListViewController.swift in Sources */ = {isa = PBXBuildFile; fileRef = B3E77A37245AE65B001F08A4 /* SnippetListViewController.swift */; };
		B3E77A3D245AE65F001F08A4 /* Assets.xcassets in Resources */ = {isa = PBXBuildFile; fileRef = B3E77A3C245AE65F001F08A4 /* Assets.xcassets */; };
		B3E77A48245AF054001F08A4 /* SnippetListViewModel.swift in Sources */ = {isa = PBXBuildFile; fileRef = B3E77A47245AF054001F08A4 /* SnippetListViewModel.swift */; };
		BB8270E9770B3B6F403F16F2 /* Pods_Snippets.framework in Frameworks */ = {isa = PBXBuildFile; fileRef = BC9CB380066F432250A46D73 /* Pods_Snippets.framework */; };
/* End PBXBuildFile section */

/* Begin PBXFileReference section */
		1B76EB0059402CE80BB95FBC /* Pods-Snippets.debug.xcconfig */ = {isa = PBXFileReference; includeInIndex = 1; lastKnownFileType = text.xcconfig; name = "Pods-Snippets.debug.xcconfig"; path = "Target Support Files/Pods-Snippets/Pods-Snippets.debug.xcconfig"; sourceTree = "<group>"; };
		5526B0F7E148F4720D0AF81A /* Pods-Snippets.release.xcconfig */ = {isa = PBXFileReference; includeInIndex = 1; lastKnownFileType = text.xcconfig; name = "Pods-Snippets.release.xcconfig"; path = "Target Support Files/Pods-Snippets/Pods-Snippets.release.xcconfig"; sourceTree = "<group>"; };
		B3019963246C227B0040C4F5 /* Localizable.strings */ = {isa = PBXFileReference; lastKnownFileType = text.plist.strings; path = Localizable.strings; sourceTree = "<group>"; };
		B30BADFF2461B3FE00BF0AA6 /* SQLSnippet.swift */ = {isa = PBXFileReference; lastKnownFileType = sourcecode.swift; path = SQLSnippet.swift; sourceTree = "<group>"; };
		B30BAE012461B69C00BF0AA6 /* SQLSmartTag.swift */ = {isa = PBXFileReference; lastKnownFileType = sourcecode.swift; path = SQLSmartTag.swift; sourceTree = "<group>"; };
		B30BAE032461B6F000BF0AA6 /* SQLTag.swift */ = {isa = PBXFileReference; lastKnownFileType = sourcecode.swift; path = SQLTag.swift; sourceTree = "<group>"; };
		B30BAE052461B74700BF0AA6 /* SQLTagsIndex.swift */ = {isa = PBXFileReference; lastKnownFileType = sourcecode.swift; path = SQLTagsIndex.swift; sourceTree = "<group>"; };
		B316727524DD8D120037BD04 /* UIResponderReactiveExtension.swift */ = {isa = PBXFileReference; lastKnownFileType = sourcecode.swift; path = UIResponderReactiveExtension.swift; sourceTree = "<group>"; };
		B316727724DD9ABA0037BD04 /* UIPasteboardReactiveExtension.swift */ = {isa = PBXFileReference; lastKnownFileType = sourcecode.swift; path = UIPasteboardReactiveExtension.swift; sourceTree = "<group>"; };
		B334D7E32463060600898BAD /* AnyObserverConvertible.swift */ = {isa = PBXFileReference; lastKnownFileType = sourcecode.swift; path = AnyObserverConvertible.swift; sourceTree = "<group>"; };
		B334D7E924639EB600898BAD /* PastelSourceColorTheme.swift */ = {isa = PBXFileReference; lastKnownFileType = sourcecode.swift; path = PastelSourceColorTheme.swift; sourceTree = "<group>"; };
		B334D7EE2463AACA00898BAD /* DashLexer.swift */ = {isa = PBXFileReference; lastKnownFileType = sourcecode.swift; path = DashLexer.swift; sourceTree = "<group>"; };
		B334D7F02463D29000898BAD /* language_colors.json */ = {isa = PBXFileReference; fileEncoding = 4; lastKnownFileType = text.json; path = language_colors.json; sourceTree = "<group>"; };
		B334D7F22463E9CB00898BAD /* ColorHash.swift */ = {isa = PBXFileReference; lastKnownFileType = sourcecode.swift; path = ColorHash.swift; sourceTree = "<group>"; };
		B334D7F42463F30200898BAD /* ColorExtension.swift */ = {isa = PBXFileReference; lastKnownFileType = sourcecode.swift; path = ColorExtension.swift; sourceTree = "<group>"; };
		B334D7F62464071500898BAD /* ObservableTypeExtension.swift */ = {isa = PBXFileReference; lastKnownFileType = sourcecode.swift; path = ObservableTypeExtension.swift; sourceTree = "<group>"; };
		B334D7F82464136100898BAD /* CodeView.swift */ = {isa = PBXFileReference; lastKnownFileType = sourcecode.swift; path = CodeView.swift; sourceTree = "<group>"; };
		B334D7FB24641E6400898BAD /* SnippetDetailViewController.swift */ = {isa = PBXFileReference; lastKnownFileType = sourcecode.swift; path = SnippetDetailViewController.swift; sourceTree = "<group>"; };
		B334D7FD24641EAB00898BAD /* SnippetDetailViewModel.swift */ = {isa = PBXFileReference; lastKnownFileType = sourcecode.swift; path = SnippetDetailViewModel.swift; sourceTree = "<group>"; };
		B334D7FF2464282900898BAD /* SnippetCollectionViewCell.swift */ = {isa = PBXFileReference; lastKnownFileType = sourcecode.swift; path = SnippetCollectionViewCell.swift; sourceTree = "<group>"; };
		B334D8002464282900898BAD /* SnippetCollectionViewCell.xib */ = {isa = PBXFileReference; lastKnownFileType = file.xib; path = SnippetCollectionViewCell.xib; sourceTree = "<group>"; };
		B334D8062465193100898BAD /* SyntaxTextViewReactiveExtension.swift */ = {isa = PBXFileReference; lastKnownFileType = sourcecode.swift; path = SyntaxTextViewReactiveExtension.swift; sourceTree = "<group>"; };
		B334D80824651CF700898BAD /* TagListViewReactiveExtension.swift */ = {isa = PBXFileReference; lastKnownFileType = sourcecode.swift; path = TagListViewReactiveExtension.swift; sourceTree = "<group>"; };
		B334D80E24652E4700898BAD /* SQLSnippetReactiveExtension.swift */ = {isa = PBXFileReference; lastKnownFileType = sourcecode.swift; path = SQLSnippetReactiveExtension.swift; sourceTree = "<group>"; };
		B334D8182465378900898BAD /* SnippetDetailViewController.storyboard */ = {isa = PBXFileReference; fileEncoding = 4; lastKnownFileType = file.storyboard; path = SnippetDetailViewController.storyboard; sourceTree = "<group>"; };
		B334D8192465378A00898BAD /* LaunchScreen.storyboard */ = {isa = PBXFileReference; fileEncoding = 4; lastKnownFileType = file.storyboard; path = LaunchScreen.storyboard; sourceTree = "<group>"; };
		B334D81A2465378A00898BAD /* SnippetListViewController.storyboard */ = {isa = PBXFileReference; fileEncoding = 4; lastKnownFileType = file.storyboard; path = SnippetListViewController.storyboard; sourceTree = "<group>"; };
		B334D82124654CD200898BAD /* EdgeInsetLabel.swift */ = {isa = PBXFileReference; lastKnownFileType = sourcecode.swift; path = EdgeInsetLabel.swift; sourceTree = "<group>"; };
		B334D8232465510300898BAD /* UIViewExtension.swift */ = {isa = PBXFileReference; lastKnownFileType = sourcecode.swift; path = UIViewExtension.swift; sourceTree = "<group>"; };
		B334D8262465558E00898BAD /* R.generated.swift */ = {isa = PBXFileReference; fileEncoding = 4; lastKnownFileType = sourcecode.swift; path = R.generated.swift; sourceTree = SOURCE_ROOT; };
		B334D82A24656B5D00898BAD /* UICollectionViewFlowLayoutReactiveExtension.swift */ = {isa = PBXFileReference; lastKnownFileType = sourcecode.swift; path = UICollectionViewFlowLayoutReactiveExtension.swift; sourceTree = "<group>"; };
		B334D82E2465B17600898BAD /* UserDefaultsReactiveExtension.swift */ = {isa = PBXFileReference; lastKnownFileType = sourcecode.swift; path = UserDefaultsReactiveExtension.swift; sourceTree = "<group>"; };
		B39235B42466E505009AEDB9 /* ObservableConvertible.swift */ = {isa = PBXFileReference; lastKnownFileType = sourcecode.swift; path = ObservableConvertible.swift; sourceTree = "<group>"; };
		B39235B82467CBEB009AEDB9 /* Snippets.entitlements */ = {isa = PBXFileReference; lastKnownFileType = text.plist.entitlements; path = Snippets.entitlements; sourceTree = "<group>"; };
		B39235B92467D81E009AEDB9 /* UIViewControllerReactiveExtension.swift */ = {isa = PBXFileReference; lastKnownFileType = sourcecode.swift; path = UIViewControllerReactiveExtension.swift; sourceTree = "<group>"; };
		B3E77A30245AE65B001F08A4 /* Snippets.app */ = {isa = PBXFileReference; explicitFileType = wrapper.application; includeInIndex = 0; path = Snippets.app; sourceTree = BUILT_PRODUCTS_DIR; };
		B3E77A33245AE65B001F08A4 /* AppDelegate.swift */ = {isa = PBXFileReference; lastKnownFileType = sourcecode.swift; path = AppDelegate.swift; sourceTree = "<group>"; };
		B3E77A37245AE65B001F08A4 /* SnippetListViewController.swift */ = {isa = PBXFileReference; lastKnownFileType = sourcecode.swift; path = SnippetListViewController.swift; sourceTree = "<group>"; };
		B3E77A3C245AE65F001F08A4 /* Assets.xcassets */ = {isa = PBXFileReference; lastKnownFileType = folder.assetcatalog; path = Assets.xcassets; sourceTree = "<group>"; };
		B3E77A41245AE65F001F08A4 /* Info.plist */ = {isa = PBXFileReference; lastKnownFileType = text.plist.xml; path = Info.plist; sourceTree = "<group>"; };
		B3E77A47245AF054001F08A4 /* SnippetListViewModel.swift */ = {isa = PBXFileReference; lastKnownFileType = sourcecode.swift; path = SnippetListViewModel.swift; sourceTree = "<group>"; };
		BC9CB380066F432250A46D73 /* Pods_Snippets.framework */ = {isa = PBXFileReference; explicitFileType = wrapper.framework; includeInIndex = 0; path = Pods_Snippets.framework; sourceTree = BUILT_PRODUCTS_DIR; };
/* End PBXFileReference section */

/* Begin PBXFrameworksBuildPhase section */
		B3E77A2D245AE65B001F08A4 /* Frameworks */ = {
			isa = PBXFrameworksBuildPhase;
			buildActionMask = 2147483647;
			files = (
				BB8270E9770B3B6F403F16F2 /* Pods_Snippets.framework in Frameworks */,
			);
			runOnlyForDeploymentPostprocessing = 0;
		};
/* End PBXFrameworksBuildPhase section */

/* Begin PBXGroup section */
		07A8C307ECFD434A42ADF4F2 /* Pods */ = {
			isa = PBXGroup;
			children = (
				1B76EB0059402CE80BB95FBC /* Pods-Snippets.debug.xcconfig */,
				5526B0F7E148F4720D0AF81A /* Pods-Snippets.release.xcconfig */,
			);
			path = Pods;
			sourceTree = "<group>";
		};
		A922E3312DC301DF19FB3716 /* Frameworks */ = {
			isa = PBXGroup;
			children = (
				BC9CB380066F432250A46D73 /* Pods_Snippets.framework */,
			);
			name = Frameworks;
			sourceTree = "<group>";
		};
		B30BAE072461B91C00BF0AA6 /* SQLite */ = {
			isa = PBXGroup;
			children = (
				B30BADFF2461B3FE00BF0AA6 /* SQLSnippet.swift */,
				B30BAE012461B69C00BF0AA6 /* SQLSmartTag.swift */,
				B30BAE032461B6F000BF0AA6 /* SQLTag.swift */,
				B30BAE052461B74700BF0AA6 /* SQLTagsIndex.swift */,
			);
			path = SQLite;
			sourceTree = "<group>";
		};
		B334D7E5246307E000898BAD /* Extensions */ = {
			isa = PBXGroup;
			children = (
				B334D80D24652E0100898BAD /* Rx */,
				B334D7F42463F30200898BAD /* ColorExtension.swift */,
				B334D8232465510300898BAD /* UIViewExtension.swift */,
			);
			path = Extensions;
			sourceTree = "<group>";
		};
		B334D7E62463080600898BAD /* Sources */ = {
			isa = PBXGroup;
			children = (
				B334D7E72463084600898BAD /* App */,
				B334D7ED2463AAA900898BAD /* Utilities */,
				B334D80524650C1600898BAD /* Models */,
				B37739EF24628BF500B0D1F1 /* Views */,
				B37739F024628BFA00B0D1F1 /* ViewModels */,
				B334D7E5246307E000898BAD /* Extensions */,
				B334D7E82463086400898BAD /* Components */,
			);
			path = Sources;
			sourceTree = "<group>";
		};
		B334D7E72463084600898BAD /* App */ = {
			isa = PBXGroup;
			children = (
				B3E77A33245AE65B001F08A4 /* AppDelegate.swift */,
				B334D8192465378A00898BAD /* LaunchScreen.storyboard */,
			);
			path = App;
			sourceTree = "<group>";
		};
		B334D7E82463086400898BAD /* Components */ = {
			isa = PBXGroup;
			children = (
				B334D7FF2464282900898BAD /* SnippetCollectionViewCell.swift */,
				B334D8002464282900898BAD /* SnippetCollectionViewCell.xib */,
				B334D7F82464136100898BAD /* CodeView.swift */,
				B334D82124654CD200898BAD /* EdgeInsetLabel.swift */,
			);
			path = Components;
			sourceTree = "<group>";
		};
		B334D7ED2463AAA900898BAD /* Utilities */ = {
			isa = PBXGroup;
			children = (
				B334D7F22463E9CB00898BAD /* ColorHash.swift */,
				B334D7EE2463AACA00898BAD /* DashLexer.swift */,
				B334D7E924639EB600898BAD /* PastelSourceColorTheme.swift */,
			);
			path = Utilities;
			sourceTree = "<group>";
		};
		B334D80524650C1600898BAD /* Models */ = {
			isa = PBXGroup;
			children = (
				B30BAE072461B91C00BF0AA6 /* SQLite */,
			);
			path = Models;
			sourceTree = "<group>";
		};
		B334D80D24652E0100898BAD /* Rx */ = {
			isa = PBXGroup;
			children = (
				B35B4AB324F1AB0300C3DDCC /* Common */,
				B35B4AB224F1AA9E00C3DDCC /* UIKit */,
				B334D8062465193100898BAD /* SyntaxTextViewReactiveExtension.swift */,
				B334D80824651CF700898BAD /* TagListViewReactiveExtension.swift */,
				B334D80E24652E4700898BAD /* SQLSnippetReactiveExtension.swift */,
				B334D82E2465B17600898BAD /* UserDefaultsReactiveExtension.swift */,
			);
			path = Rx;
			sourceTree = "<group>";
		};
		B35B4AB224F1AA9E00C3DDCC /* UIKit */ = {
			isa = PBXGroup;
			children = (
				B316727524DD8D120037BD04 /* UIResponderReactiveExtension.swift */,
				B39235B92467D81E009AEDB9 /* UIViewControllerReactiveExtension.swift */,
				B334D82A24656B5D00898BAD /* UICollectionViewFlowLayoutReactiveExtension.swift */,
				B316727724DD9ABA0037BD04 /* UIPasteboardReactiveExtension.swift */,
			);
			path = UIKit;
			sourceTree = "<group>";
		};
		B35B4AB324F1AB0300C3DDCC /* Common */ = {
			isa = PBXGroup;
			children = (
				B334D7E32463060600898BAD /* AnyObserverConvertible.swift */,
				B39235B42466E505009AEDB9 /* ObservableConvertible.swift */,
				B334D7F62464071500898BAD /* ObservableTypeExtension.swift */,
			);
			path = Common;
			sourceTree = "<group>";
		};
		B36B11F72462A84200FA189D /* Resources */ = {
			isa = PBXGroup;
			children = (
				B334D7F02463D29000898BAD /* language_colors.json */,
				B3E77A3C245AE65F001F08A4 /* Assets.xcassets */,
				B3019963246C227B0040C4F5 /* Localizable.strings */,
			);
			path = Resources;
			sourceTree = "<group>";
		};
		B37739EF24628BF500B0D1F1 /* Views */ = {
			isa = PBXGroup;
			children = (
				B3E77A37245AE65B001F08A4 /* SnippetListViewController.swift */,
				B334D81A2465378A00898BAD /* SnippetListViewController.storyboard */,
				B334D7FB24641E6400898BAD /* SnippetDetailViewController.swift */,
				B334D8182465378900898BAD /* SnippetDetailViewController.storyboard */,
			);
			path = Views;
			sourceTree = "<group>";
		};
		B37739F024628BFA00B0D1F1 /* ViewModels */ = {
			isa = PBXGroup;
			children = (
				B3E77A47245AF054001F08A4 /* SnippetListViewModel.swift */,
				B334D7FD24641EAB00898BAD /* SnippetDetailViewModel.swift */,
			);
			path = ViewModels;
			sourceTree = "<group>";
		};
		B3E77A27245AE65B001F08A4 = {
			isa = PBXGroup;
			children = (
				B3E77A32245AE65B001F08A4 /* Snippets */,
				B3E77A31245AE65B001F08A4 /* Products */,
				07A8C307ECFD434A42ADF4F2 /* Pods */,
				A922E3312DC301DF19FB3716 /* Frameworks */,
			);
			sourceTree = "<group>";
		};
		B3E77A31245AE65B001F08A4 /* Products */ = {
			isa = PBXGroup;
			children = (
				B3E77A30245AE65B001F08A4 /* Snippets.app */,
			);
			name = Products;
			sourceTree = "<group>";
		};
		B3E77A32245AE65B001F08A4 /* Snippets */ = {
			isa = PBXGroup;
			children = (
				B39235B82467CBEB009AEDB9 /* Snippets.entitlements */,
				B334D7E62463080600898BAD /* Sources */,
				B36B11F72462A84200FA189D /* Resources */,
				B3E77A41245AE65F001F08A4 /* Info.plist */,
				B334D8262465558E00898BAD /* R.generated.swift */,
			);
			path = Snippets;
			sourceTree = "<group>";
		};
/* End PBXGroup section */

/* Begin PBXNativeTarget section */
		B3E77A2F245AE65B001F08A4 /* Snippets */ = {
			isa = PBXNativeTarget;
			buildConfigurationList = B3E77A44245AE65F001F08A4 /* Build configuration list for PBXNativeTarget "Snippets" */;
			buildPhases = (
				16DBCB545EF72A95C069C504 /* [CP] Check Pods Manifest.lock */,
				B334D825246553C700898BAD /* ShellScript */,
				B3E77A2C245AE65B001F08A4 /* Sources */,
				B3E77A2D245AE65B001F08A4 /* Frameworks */,
				B3E77A2E245AE65B001F08A4 /* Resources */,
				83493BB375EE0FAD005C15E5 /* [CP] Embed Pods Frameworks */,
			);
			buildRules = (
			);
			dependencies = (
			);
			name = Snippets;
			productName = Snippets;
			productReference = B3E77A30245AE65B001F08A4 /* Snippets.app */;
			productType = "com.apple.product-type.application";
		};
/* End PBXNativeTarget section */

/* Begin PBXProject section */
		B3E77A28245AE65B001F08A4 /* Project object */ = {
			isa = PBXProject;
			attributes = {
				LastSwiftUpdateCheck = 1140;
				LastUpgradeCheck = 1140;
				ORGANIZATIONNAME = ZYXW;
				TargetAttributes = {
					B3E77A2F245AE65B001F08A4 = {
						CreatedOnToolsVersion = 11.4.1;
					};
				};
			};
			buildConfigurationList = B3E77A2B245AE65B001F08A4 /* Build configuration list for PBXProject "Snippets" */;
			compatibilityVersion = "Xcode 9.3";
			developmentRegion = en;
			hasScannedForEncodings = 0;
			knownRegions = (
				en,
				Base,
			);
			mainGroup = B3E77A27245AE65B001F08A4;
			productRefGroup = B3E77A31245AE65B001F08A4 /* Products */;
			projectDirPath = "";
			projectRoot = "";
			targets = (
				B3E77A2F245AE65B001F08A4 /* Snippets */,
			);
		};
/* End PBXProject section */

/* Begin PBXResourcesBuildPhase section */
		B3E77A2E245AE65B001F08A4 /* Resources */ = {
			isa = PBXResourcesBuildPhase;
			buildActionMask = 2147483647;
			files = (
				B334D81F246537A900898BAD /* LaunchScreen.storyboard in Resources */,
				B334D81D2465378A00898BAD /* SnippetListViewController.storyboard in Resources */,
				B334D81E246537A900898BAD /* SnippetDetailViewController.storyboard in Resources */,
				B3019964246C227B0040C4F5 /* Localizable.strings in Resources */,
				B334D820246537E000898BAD /* SnippetCollectionViewCell.xib in Resources */,
				B3E77A3D245AE65F001F08A4 /* Assets.xcassets in Resources */,
				B334D7F12463D29000898BAD /* language_colors.json in Resources */,
			);
			runOnlyForDeploymentPostprocessing = 0;
		};
/* End PBXResourcesBuildPhase section */

/* Begin PBXShellScriptBuildPhase section */
		16DBCB545EF72A95C069C504 /* [CP] Check Pods Manifest.lock */ = {
			isa = PBXShellScriptBuildPhase;
			buildActionMask = 2147483647;
			files = (
			);
			inputFileListPaths = (
			);
			inputPaths = (
				"${PODS_PODFILE_DIR_PATH}/Podfile.lock",
				"${PODS_ROOT}/Manifest.lock",
			);
			name = "[CP] Check Pods Manifest.lock";
			outputFileListPaths = (
			);
			outputPaths = (
				"$(DERIVED_FILE_DIR)/Pods-Snippets-checkManifestLockResult.txt",
			);
			runOnlyForDeploymentPostprocessing = 0;
			shellPath = /bin/sh;
			shellScript = "diff \"${PODS_PODFILE_DIR_PATH}/Podfile.lock\" \"${PODS_ROOT}/Manifest.lock\" > /dev/null\nif [ $? != 0 ] ; then\n    # print error to STDERR\n    echo \"error: The sandbox is not in sync with the Podfile.lock. Run 'pod install' or update your CocoaPods installation.\" >&2\n    exit 1\nfi\n# This output is used by Xcode 'outputs' to avoid re-running this script phase.\necho \"SUCCESS\" > \"${SCRIPT_OUTPUT_FILE_0}\"\n";
			showEnvVarsInLog = 0;
		};
		83493BB375EE0FAD005C15E5 /* [CP] Embed Pods Frameworks */ = {
			isa = PBXShellScriptBuildPhase;
			buildActionMask = 2147483647;
			files = (
			);
			inputFileListPaths = (
				"${PODS_ROOT}/Target Support Files/Pods-Snippets/Pods-Snippets-frameworks-${CONFIGURATION}-input-files.xcfilelist",
			);
			name = "[CP] Embed Pods Frameworks";
			outputFileListPaths = (
				"${PODS_ROOT}/Target Support Files/Pods-Snippets/Pods-Snippets-frameworks-${CONFIGURATION}-output-files.xcfilelist",
			);
			runOnlyForDeploymentPostprocessing = 0;
			shellPath = /bin/sh;
			shellScript = "\"${PODS_ROOT}/Target Support Files/Pods-Snippets/Pods-Snippets-frameworks.sh\"\n";
			showEnvVarsInLog = 0;
		};
		B334D825246553C700898BAD /* ShellScript */ = {
			isa = PBXShellScriptBuildPhase;
			buildActionMask = 2147483647;
			files = (
			);
			inputFileListPaths = (
			);
			inputPaths = (
				"$TEMP_DIR/rswift-lastrun",
			);
			outputFileListPaths = (
			);
			outputPaths = (
				$SRCROOT/R.generated.swift,
			);
			runOnlyForDeploymentPostprocessing = 0;
			shellPath = /bin/sh;
			shellScript = "\"$PODS_ROOT/R.swift/rswift\" generate \"$SRCROOT/R.generated.swift\"\n";
		};
/* End PBXShellScriptBuildPhase section */

/* Begin PBXSourcesBuildPhase section */
		B3E77A2C245AE65B001F08A4 /* Sources */ = {
			isa = PBXSourcesBuildPhase;
			buildActionMask = 2147483647;
			files = (
				B334D7EA24639EB600898BAD /* PastelSourceColorTheme.swift in Sources */,
				B316727624DD8D120037BD04 /* UIResponderReactiveExtension.swift in Sources */,
				B334D7FC24641E6400898BAD /* SnippetDetailViewController.swift in Sources */,
				B334D8272465558E00898BAD /* R.generated.swift in Sources */,
				B30BAE002461B3FE00BF0AA6 /* SQLSnippet.swift in Sources */,
				B30BAE042461B6F000BF0AA6 /* SQLTag.swift in Sources */,
				B3E77A48245AF054001F08A4 /* SnippetListViewModel.swift in Sources */,
				B334D7FE24641EAB00898BAD /* SnippetDetailViewModel.swift in Sources */,
				B334D8242465510300898BAD /* UIViewExtension.swift in Sources */,
				B3E77A38245AE65B001F08A4 /* SnippetListViewController.swift in Sources */,
				B39235BA2467D81E009AEDB9 /* UIViewControllerReactiveExtension.swift in Sources */,
				B316727824DD9ABB0037BD04 /* UIPasteboardReactiveExtension.swift in Sources */,
				B39235B52466E505009AEDB9 /* ObservableConvertible.swift in Sources */,
				B30BAE062461B74700BF0AA6 /* SQLTagsIndex.swift in Sources */,
				B334D80924651CF700898BAD /* TagListViewReactiveExtension.swift in Sources */,
				B334D7F72464071500898BAD /* ObservableTypeExtension.swift in Sources */,
				B3E77A34245AE65B001F08A4 /* AppDelegate.swift in Sources */,
				B334D7EF2463AACA00898BAD /* DashLexer.swift in Sources */,
				B334D82B24656B5D00898BAD /* UICollectionViewFlowLayoutReactiveExtension.swift in Sources */,
				B334D7E42463060600898BAD /* AnyObserverConvertible.swift in Sources */,
				B334D8012464282900898BAD /* SnippetCollectionViewCell.swift in Sources */,
				B334D7F52463F30200898BAD /* ColorExtension.swift in Sources */,
				B334D82224654CD200898BAD /* EdgeInsetLabel.swift in Sources */,
				B334D7F32463E9CB00898BAD /* ColorHash.swift in Sources */,
				B334D7F92464136100898BAD /* CodeView.swift in Sources */,
				B334D80F24652E4700898BAD /* SQLSnippetReactiveExtension.swift in Sources */,
				B334D8072465193100898BAD /* SyntaxTextViewReactiveExtension.swift in Sources */,
				B334D82F2465B17600898BAD /* UserDefaultsReactiveExtension.swift in Sources */,
				B30BAE022461B69C00BF0AA6 /* SQLSmartTag.swift in Sources */,
			);
			runOnlyForDeploymentPostprocessing = 0;
		};
/* End PBXSourcesBuildPhase section */

/* Begin XCBuildConfiguration section */
		B3E77A42245AE65F001F08A4 /* Debug */ = {
			isa = XCBuildConfiguration;
			buildSettings = {
				ALWAYS_SEARCH_USER_PATHS = NO;
				CLANG_ANALYZER_NONNULL = YES;
				CLANG_ANALYZER_NUMBER_OBJECT_CONVERSION = YES_AGGRESSIVE;
				CLANG_CXX_LANGUAGE_STANDARD = "gnu++14";
				CLANG_CXX_LIBRARY = "libc++";
				CLANG_ENABLE_MODULES = YES;
				CLANG_ENABLE_OBJC_ARC = YES;
				CLANG_ENABLE_OBJC_WEAK = YES;
				CLANG_WARN_BLOCK_CAPTURE_AUTORELEASING = YES;
				CLANG_WARN_BOOL_CONVERSION = YES;
				CLANG_WARN_COMMA = YES;
				CLANG_WARN_CONSTANT_CONVERSION = YES;
				CLANG_WARN_DEPRECATED_OBJC_IMPLEMENTATIONS = YES;
				CLANG_WARN_DIRECT_OBJC_ISA_USAGE = YES_ERROR;
				CLANG_WARN_DOCUMENTATION_COMMENTS = YES;
				CLANG_WARN_EMPTY_BODY = YES;
				CLANG_WARN_ENUM_CONVERSION = YES;
				CLANG_WARN_INFINITE_RECURSION = YES;
				CLANG_WARN_INT_CONVERSION = YES;
				CLANG_WARN_NON_LITERAL_NULL_CONVERSION = YES;
				CLANG_WARN_OBJC_IMPLICIT_RETAIN_SELF = YES;
				CLANG_WARN_OBJC_LITERAL_CONVERSION = YES;
				CLANG_WARN_OBJC_ROOT_CLASS = YES_ERROR;
				CLANG_WARN_RANGE_LOOP_ANALYSIS = YES;
				CLANG_WARN_STRICT_PROTOTYPES = YES;
				CLANG_WARN_SUSPICIOUS_MOVE = YES;
				CLANG_WARN_UNGUARDED_AVAILABILITY = YES_AGGRESSIVE;
				CLANG_WARN_UNREACHABLE_CODE = YES;
				CLANG_WARN__DUPLICATE_METHOD_MATCH = YES;
				COPY_PHASE_STRIP = NO;
				DEBUG_INFORMATION_FORMAT = dwarf;
				ENABLE_STRICT_OBJC_MSGSEND = YES;
				ENABLE_TESTABILITY = YES;
				GCC_C_LANGUAGE_STANDARD = gnu11;
				GCC_DYNAMIC_NO_PIC = NO;
				GCC_NO_COMMON_BLOCKS = YES;
				GCC_OPTIMIZATION_LEVEL = 0;
				GCC_PREPROCESSOR_DEFINITIONS = (
					"DEBUG=1",
					"$(inherited)",
				);
				GCC_WARN_64_TO_32_BIT_CONVERSION = YES;
				GCC_WARN_ABOUT_RETURN_TYPE = YES_ERROR;
				GCC_WARN_UNDECLARED_SELECTOR = YES;
				GCC_WARN_UNINITIALIZED_AUTOS = YES_AGGRESSIVE;
				GCC_WARN_UNUSED_FUNCTION = YES;
				GCC_WARN_UNUSED_VARIABLE = YES;
				IPHONEOS_DEPLOYMENT_TARGET = 13.4;
				MTL_ENABLE_DEBUG_INFO = INCLUDE_SOURCE;
				MTL_FAST_MATH = YES;
				ONLY_ACTIVE_ARCH = YES;
				SDKROOT = iphoneos;
				SWIFT_ACTIVE_COMPILATION_CONDITIONS = DEBUG;
				SWIFT_OPTIMIZATION_LEVEL = "-Onone";
			};
			name = Debug;
		};
		B3E77A43245AE65F001F08A4 /* Release */ = {
			isa = XCBuildConfiguration;
			buildSettings = {
				ALWAYS_SEARCH_USER_PATHS = NO;
				CLANG_ANALYZER_NONNULL = YES;
				CLANG_ANALYZER_NUMBER_OBJECT_CONVERSION = YES_AGGRESSIVE;
				CLANG_CXX_LANGUAGE_STANDARD = "gnu++14";
				CLANG_CXX_LIBRARY = "libc++";
				CLANG_ENABLE_MODULES = YES;
				CLANG_ENABLE_OBJC_ARC = YES;
				CLANG_ENABLE_OBJC_WEAK = YES;
				CLANG_WARN_BLOCK_CAPTURE_AUTORELEASING = YES;
				CLANG_WARN_BOOL_CONVERSION = YES;
				CLANG_WARN_COMMA = YES;
				CLANG_WARN_CONSTANT_CONVERSION = YES;
				CLANG_WARN_DEPRECATED_OBJC_IMPLEMENTATIONS = YES;
				CLANG_WARN_DIRECT_OBJC_ISA_USAGE = YES_ERROR;
				CLANG_WARN_DOCUMENTATION_COMMENTS = YES;
				CLANG_WARN_EMPTY_BODY = YES;
				CLANG_WARN_ENUM_CONVERSION = YES;
				CLANG_WARN_INFINITE_RECURSION = YES;
				CLANG_WARN_INT_CONVERSION = YES;
				CLANG_WARN_NON_LITERAL_NULL_CONVERSION = YES;
				CLANG_WARN_OBJC_IMPLICIT_RETAIN_SELF = YES;
				CLANG_WARN_OBJC_LITERAL_CONVERSION = YES;
				CLANG_WARN_OBJC_ROOT_CLASS = YES_ERROR;
				CLANG_WARN_RANGE_LOOP_ANALYSIS = YES;
				CLANG_WARN_STRICT_PROTOTYPES = YES;
				CLANG_WARN_SUSPICIOUS_MOVE = YES;
				CLANG_WARN_UNGUARDED_AVAILABILITY = YES_AGGRESSIVE;
				CLANG_WARN_UNREACHABLE_CODE = YES;
				CLANG_WARN__DUPLICATE_METHOD_MATCH = YES;
				COPY_PHASE_STRIP = NO;
				DEBUG_INFORMATION_FORMAT = "dwarf-with-dsym";
				ENABLE_NS_ASSERTIONS = NO;
				ENABLE_STRICT_OBJC_MSGSEND = YES;
				GCC_C_LANGUAGE_STANDARD = gnu11;
				GCC_NO_COMMON_BLOCKS = YES;
				GCC_WARN_64_TO_32_BIT_CONVERSION = YES;
				GCC_WARN_ABOUT_RETURN_TYPE = YES_ERROR;
				GCC_WARN_UNDECLARED_SELECTOR = YES;
				GCC_WARN_UNINITIALIZED_AUTOS = YES_AGGRESSIVE;
				GCC_WARN_UNUSED_FUNCTION = YES;
				GCC_WARN_UNUSED_VARIABLE = YES;
				IPHONEOS_DEPLOYMENT_TARGET = 13.4;
				MTL_ENABLE_DEBUG_INFO = NO;
				MTL_FAST_MATH = YES;
				SDKROOT = iphoneos;
				SWIFT_COMPILATION_MODE = wholemodule;
				SWIFT_OPTIMIZATION_LEVEL = "-O";
				VALIDATE_PRODUCT = YES;
			};
			name = Release;
		};
		B3E77A45245AE65F001F08A4 /* Debug */ = {
			isa = XCBuildConfiguration;
			baseConfigurationReference = 1B76EB0059402CE80BB95FBC /* Pods-Snippets.debug.xcconfig */;
			buildSettings = {
				ASSETCATALOG_COMPILER_APPICON_NAME = AppIcon;
				CODE_SIGN_ENTITLEMENTS = Snippets/Snippets.entitlements;
				CODE_SIGN_STYLE = Automatic;
				DEVELOPMENT_TEAM = DD4ZUKAH26;
				INFOPLIST_FILE = Snippets/Info.plist;
				LD_RUNPATH_SEARCH_PATHS = (
					"$(inherited)",
					"@executable_path/Frameworks",
				);
				PRODUCT_BUNDLE_IDENTIFIER = com.zyxw.Snippets;
				PRODUCT_NAME = "$(TARGET_NAME)";
				SWIFT_VERSION = 5.0;
				TARGETED_DEVICE_FAMILY = "1,2";
			};
			name = Debug;
		};
		B3E77A46245AE65F001F08A4 /* Release */ = {
			isa = XCBuildConfiguration;
			baseConfigurationReference = 5526B0F7E148F4720D0AF81A /* Pods-Snippets.release.xcconfig */;
			buildSettings = {
				ASSETCATALOG_COMPILER_APPICON_NAME = AppIcon;
				CODE_SIGN_ENTITLEMENTS = Snippets/Snippets.entitlements;
				CODE_SIGN_STYLE = Automatic;
				DEVELOPMENT_TEAM = DD4ZUKAH26;
				INFOPLIST_FILE = Snippets/Info.plist;
				LD_RUNPATH_SEARCH_PATHS = (
					"$(inherited)",
					"@executable_path/Frameworks",
				);
				PRODUCT_BUNDLE_IDENTIFIER = com.zyxw.Snippets;
				PRODUCT_NAME = "$(TARGET_NAME)";
				SWIFT_VERSION = 5.0;
				TARGETED_DEVICE_FAMILY = "1,2";
			};
			name = Release;
		};
/* End XCBuildConfiguration section */

/* Begin XCConfigurationList section */
		B3E77A2B245AE65B001F08A4 /* Build configuration list for PBXProject "Snippets" */ = {
			isa = XCConfigurationList;
			buildConfigurations = (
				B3E77A42245AE65F001F08A4 /* Debug */,
				B3E77A43245AE65F001F08A4 /* Release */,
			);
			defaultConfigurationIsVisible = 0;
			defaultConfigurationName = Release;
		};
		B3E77A44245AE65F001F08A4 /* Build configuration list for PBXNativeTarget "Snippets" */ = {
			isa = XCConfigurationList;
			buildConfigurations = (
				B3E77A45245AE65F001F08A4 /* Debug */,
				B3E77A46245AE65F001F08A4 /* Release */,
			);
			defaultConfigurationIsVisible = 0;
			defaultConfigurationName = Release;
		};
/* End XCConfigurationList section */
	};
	rootObject = B3E77A28245AE65B001F08A4 /* Project object */;
}
