PODS:
  - CollectionKit-Swift (1.0.0)
  - DynamicColor (5.0.1)
  - DynamicJSON (2.0.2)
  - EmptyDataSet-Swift (5.0.0)
  - Fuse (1.4.0)
  - GRDB.swift (5.3.0):
    - GRDB.swift/standard (= 5.3.0)
  - GRDB.swift/standard (5.3.0)
  - Hex (6.1.0)
  - Instantiate (4.0.0)
  - InstantiateStandard (4.0.0):
    - Instantiate (~> 4.0)
  - R.swift.Library (5.3.0)
  - Reusable (4.1.1):
    - Reusable/Storyboard (= 4.1.1)
    - Reusable/View (= 4.1.1)
  - Reusable/Storyboard (4.1.1)
  - Reusable/View (4.1.1)
  - Runes (5.1.0)
  - RxAnimated (0.9.0):
    - RxAnimated/Core (= 0.9.0)
    - RxCocoa (~> 6.0)
    - RxSwift (~> 6.0)
  - RxAnimated/Core (0.9.0):
    - RxCocoa (~> 6.0)
    - RxSwift (~> 6.0)
  - RxBinding (0.5):
    - RxCocoa (~> 6)
    - RxSwift (~> 6)
  - RxCells (1.0.0):
    - Reusable (~> 4.1)
    - RxCocoa (~> 6.0)
    - RxSwift (~> 6.0)
  - RxCocoa (6.0.0):
    - RxRelay (= 6.0.0)
    - RxSwift (= 6.0.0)
  - RxDocumentPicker (0.2.0):
    - RxCocoa
    - RxSwift
  - RxGRDB (2.0.0):
    - RxGRDB/default (= 2.0.0)
    - RxSwift (~> 6.0)
  - RxGRDB/default (2.0.0):
    - GRDB.swift (~> 5.0)
    - RxSwift (~> 6.0)
  - RxOptional (5.0.0):
    - RxCocoa (~> 6.0)
    - RxSwift (~> 6.0)
  - RxRelay (6.0.0):
    - RxSwift (= 6.0.0)
  - RxSwift (6.0.0)
  - RxSwiftExt (6.0.0):
    - RxSwiftExt/Core (= 6.0.0)
    - RxSwiftExt/RxCocoa (= 6.0.0)
  - RxSwiftExt/Core (6.0.0):
    - RxSwift (= 6.0.0)
  - RxSwiftExt/RxCocoa (6.0.0):
    - RxCocoa (= 6.0.0)
    - RxSwiftExt/Core
  - RxViewController (0.4.1):
    - RxCocoa (>= 4.0.0)
    - RxSwift (>= 4.0.0)
  - Sourceful (0.2.0)
  - TagListView (1.4.1)

DEPENDENCIES:
  - "CollectionKit-Swift (from `git@github.com:GeneralD/CollectionKit.git`)"
  - DynamicColor
  - DynamicJSON
  - EmptyDataSet-Swift
  - Fuse
  - GRDB.swift
  - Hex
  - InstantiateStandard
  - R.swift.Library
  - Runes
  - RxAnimated
  - RxBinding
  - RxCells
  - RxCocoa
  - RxDocumentPicker
  - RxGRDB
  - RxOptional
  - RxRelay
  - RxSwift (~> 6)
  - RxSwiftExt
  - RxViewController
  - Sourceful
  - TagListView

SPEC REPOS:
  trunk:
    - DynamicColor
    - DynamicJSON
    - EmptyDataSet-Swift
    - Fuse
    - GRDB.swift
    - Hex
    - Instantiate
    - InstantiateStandard
    - R.swift.Library
    - Reusable
    - Runes
    - RxAnimated
    - RxBinding
    - RxCells
    - RxCocoa
    - RxDocumentPicker
    - RxGRDB
    - RxOptional
    - RxRelay
    - RxSwift
    - RxSwiftExt
    - RxViewController
    - Sourceful
    - TagListView

EXTERNAL SOURCES:
  CollectionKit-Swift:
    :git: "git@github.com:GeneralD/CollectionKit.git"

CHECKOUT OPTIONS:
  CollectionKit-Swift:
    :commit: 48e7170e9bcca842f31546ca18bc8ee26fad0bfd
    :git: "git@github.com:GeneralD/CollectionKit.git"

SPEC CHECKSUMS:
  CollectionKit-Swift: 86e39fa74fc869c729b4a4a3ccddd53ec6123d22
  DynamicColor: d049834ef86d8ecf150b0ca1ebe54ee733a0ec22
  DynamicJSON: fc0c5a82980ff8aa956156f04d84fcdb2822e875
  EmptyDataSet-Swift: eb382c0c87a2d9c678077385a595cec52da38171
  Fuse: 48eaf66d0c407c7f8b0ddb168888dc4637e87f14
  GRDB.swift: 6d44795b19d716e9f09f19018c3bde5b71b67ae9
  Hex: 2f67dd0cbb178cb24992e7529b025b8d16ff0bdc
  Instantiate: 62516e7dde448721c1f5815a9ee7e0669d034d52
  InstantiateStandard: 18ab1417ba787113350c71a5b2251f0b4448be67
  R.swift.Library: 0fc583cb55a99e28901299cc451614cad1161962
  Reusable: 53a9acf5c536f229b31b5865782414b508252ddb
  Runes: c9634b39d102aa684a12deaa3611f2643a0bb0a1
  RxAnimated: e53fb66cafc0539faf881b734f7412a624527f0a
  RxBinding: e3c76d02d0ee3f1a306a0fb8e8ef6f2eda65a375
  RxCells: 6a47117c9cb6ca41133bff94eff667738ddd611d
  RxCocoa: 3f79328fafa3645b34600f37c31e64c73ae3a80e
  RxDocumentPicker: f3dc33b7b9b3e016e73c503800f15f6df151c66f
  RxGRDB: 2ed9c18392c87b34d7a085d03831b4081d30e64e
  RxOptional: cb0b05f0270854eb8ac322c4eb298c4945469fab
  RxRelay: 8d593be109c06ea850df027351beba614b012ffb
  RxSwift: c14e798c59b9f6e9a2df8fd235602e85cc044295
  RxSwiftExt: 6637802b67dd4b60c00c661cc640316b693c0387
  RxViewController: e93e7c233d5b5b62c32231d69726d55f54081bc6
  Sourceful: f514447f2ee886f238face3ce8e8b5648c0dc365
  TagListView: a1c236d17960a0cf64156725a76ce6d73ebce2be

PODFILE CHECKSUM: 01888b1751838f5d94e6190113644f088eb8470e

COCOAPODS: 1.10.1
