PODS:
  - DynamicColor (4.2.0)
  - GRDB.swift (4.14.0):
    - GRDB.swift/standard (= 4.14.0)
  - GRDB.swift/standard (4.14.0)
  - Hero (1.5.0)
  - Hex (6.1.0)
  - Reusable (4.1.1):
    - Reusable/Storyboard (= 4.1.1)
    - Reusable/View (= 4.1.1)
  - Reusable/Storyboard (4.1.1)
  - Reusable/View (4.1.1)
  - RxAnimated (0.7.0):
    - RxAnimated/Core (= 0.7.0)
    - RxCocoa (~> 5.1)
    - RxSwift (~> 5.1)
  - RxAnimated/Core (0.7.0):
    - RxCocoa (~> 5.1)
    - RxSwift (~> 5.1)
  - RxCells (0.5.0):
    - Reusable (~> 4.0)
    - RxCocoa (~> 5.0)
    - RxSwift (~> 5.0)
  - RxCocoa (5.1.1):
    - RxRelay (~> 5)
    - RxSwift (~> 5)
  - RxGRDB (0.18.0):
    - RxGRDB/default (= 0.18.0)
    - RxSwift (~> 5.0)
  - RxGRDB/default (0.18.0):
    - GRDB.swift (~> 4.1)
    - RxSwift (~> 5.0)
  - RxRelay (5.1.1):
    - RxSwift (~> 5)
  - RxSwift (5.1.1)
  - Sourceful (0.2.0)
  - SwiftyJSON (5.0.0)
  - TagListView (1.4.0)

DEPENDENCIES:
  - DynamicColor
  - Hero
  - Hex
  - RxAnimated
  - RxCells
  - RxCocoa
  - RxGRDB
  - Sourceful
  - SwiftyJSON
  - TagListView

SPEC REPOS:
  trunk:
    - DynamicColor
    - GRDB.swift
    - Hero
    - Hex
    - Reusable
    - RxAnimated
    - RxCells
    - RxCocoa
    - RxGRDB
    - RxRelay
    - RxSwift
    - Sourceful
    - SwiftyJSON
    - TagListView

SPEC CHECKSUMS:
  DynamicColor: c475f66bda1cabf602f2c54ac1171c0c07148a5a
  GRDB.swift: 8cc3ab7c8b8b4ac1761deb8dca4b51c1c9d429f8
  Hero: b7385b75e7259da62f4f85462f59a5082d66b058
  Hex: 2f67dd0cbb178cb24992e7529b025b8d16ff0bdc
  Reusable: 53a9acf5c536f229b31b5865782414b508252ddb
  RxAnimated: 8540892468e906e7404595bc51ed4b36b3737ab5
  RxCells: bdf6673a05f8ee58b3dd7b28c3e236da7b5e0e98
  RxCocoa: 32065309a38d29b5b0db858819b5bf9ef038b601
  RxGRDB: 41dfd8f987aad7a7bdd7c420319d3eb23ee383f3
  RxRelay: d77f7d771495f43c556cbc43eebd1bb54d01e8e9
  RxSwift: 81470a2074fa8780320ea5fe4102807cb7118178
  Sourceful: f514447f2ee886f238face3ce8e8b5648c0dc365
  SwiftyJSON: 36413e04c44ee145039d332b4f4e2d3e8d6c4db7
  TagListView: 987b0bdbb16cd9d9e7c0e2ec32aff37ecba8b173

PODFILE CHECKSUM: 0f5fa61c28f6496b6f0f85eab8d206c15cc0cd2a

COCOAPODS: 1.9.1
