PODS:
  - Alamofire (5.1.0)
  - GRDB.swift (4.14.0):
    - GRDB.swift/standard (= 4.14.0)
  - GRDB.swift/standard (4.14.0)
  - RxAlamofire (5.2.0):
    - RxAlamofire/Core (= 5.2.0)
  - RxAlamofire/Core (5.2.0):
    - Alamofire (~> 5.1)
    - RxSwift (~> 5.1)
  - RxCocoa (5.1.1):
    - RxRelay (~> 5)
    - RxSwift (~> 5)
  - RxGRDB (0.18.0):
    - RxGRDB/default (= 0.18.0)
    - RxSwift (~> 5.0)
  - RxGRDB/default (0.18.0):
    - GRDB.swift (~> 4.1)
    - RxSwift (~> 5.0)
  - RxRelay (5.1.1):
    - RxSwift (~> 5)
  - RxSwift (5.1.1)

DEPENDENCIES:
  - RxAlamofire
  - RxCocoa
  - RxGRDB

SPEC REPOS:
  trunk:
    - Alamofire
    - GRDB.swift
    - RxAlamofire
    - RxCocoa
    - RxGRDB
    - RxRelay
    - RxSwift

SPEC CHECKSUMS:
  Alamofire: 9d5c5f602928e512395b30950c5984eca840093c
  GRDB.swift: 8cc3ab7c8b8b4ac1761deb8dca4b51c1c9d429f8
  RxAlamofire: 878eb06baefd76df6062889be11592434e6c4a95
  RxCocoa: 32065309a38d29b5b0db858819b5bf9ef038b601
  RxGRDB: 41dfd8f987aad7a7bdd7c420319d3eb23ee383f3
  RxRelay: d77f7d771495f43c556cbc43eebd1bb54d01e8e9
  RxSwift: 81470a2074fa8780320ea5fe4102807cb7118178

PODFILE CHECKSUM: a9f9f6f35f3362b811705faf4393ada42d988643

COCOAPODS: 1.9.1
